
Microsoft Visual Studio Solution File, Format Version 12.00
# Visual Studio 15
VisualStudioVersion = 15.0.27428.2027
MinimumVisualStudioVersion = 10.0.40219.1
Project("{FAE04EC0-301F-11D3-BF4B-00C04F79EFBC}") = "ProxyToggle.Console", "ProxyToggle\ProxyToggle.Console.csproj", "{046B3C5F-BFA1-41AD-91C4-919802677589}"
EndProject
Project("{FAE04EC0-301F-11D3-BF4B-00C04F79EFBC}") = "ProxyToggleExtension", "ProxyToggleExtension\ProxyToggleExtension.csproj", "{E774815F-7FD5-4B9A-B506-D37369F4A1A3}"
EndProject
Global
	GlobalSection(SolutionConfigurationPlatforms) = preSolution
		Debug|Any CPU = Debug|Any CPU
		Release|Any CPU = Release|Any CPU
	EndGlobalSection
	GlobalSection(ProjectConfigurationPlatforms) = postSolution
		{046B3C5F-BFA1-41AD-91C4-919802677589}.Debug|Any CPU.ActiveCfg = Debug|Any CPU
		{046B3C5F-BFA1-41AD-91C4-919802677589}.Debug|Any CPU.Build.0 = Debug|Any CPU
		{046B3C5F-BFA1-41AD-91C4-919802677589}.Release|Any CPU.ActiveCfg = Release|Any CPU
		{046B3C5F-BFA1-41AD-91C4-919802677589}.Release|Any CPU.Build.0 = Release|Any CPU
		{E774815F-7FD5-4B9A-B506-D37369F4A1A3}.Debug|Any CPU.ActiveCfg = Debug|Any CPU
		{E774815F-7FD5-4B9A-B506-D37369F4A1A3}.Debug|Any CPU.Build.0 = Debug|Any CPU
		{E774815F-7FD5-4B9A-B506-D37369F4A1A3}.Release|Any CPU.ActiveCfg = Release|Any CPU
		{E774815F-7FD5-4B9A-B506-D37369F4A1A3}.Release|Any CPU.Build.0 = Release|Any CPU
	EndGlobalSection
	GlobalSection(SolutionProperties) = preSolution
		HideSolutionNode = FALSE
	EndGlobalSection
	GlobalSection(ExtensibilityGlobals) = postSolution
		SolutionGuid = {A0ADA6E5-035A-4BA1-BAB4-87E9DC5597F8}
	EndGlobalSection
EndGlobal
